
Microsoft Visual Studio Solution File, Format Version 11.00
# Visual Studio 2010
# SharpDevelop 4.4
Project("{FAE04EC0-301F-11D3-BF4B-00C04F79EFBC}") = "Coname", "Coname\Coname.csproj", "{4DD1CA22-8EA4-485F-ABEB-358D9FFEE36E}"
EndProject
Global
	GlobalSection(SolutionConfigurationPlatforms) = preSolution
		Debug|Any CPU = Debug|Any CPU
		Release|Any CPU = Release|Any CPU
	EndGlobalSection
	GlobalSection(ProjectConfigurationPlatforms) = postSolution
		{4DD1CA22-8EA4-485F-ABEB-358D9FFEE36E}.Debug|Any CPU.Build.0 = Debug|Any CPU
		{4DD1CA22-8EA4-485F-ABEB-358D9FFEE36E}.Debug|Any CPU.ActiveCfg = Debug|Any CPU
		{4DD1CA22-8EA4-485F-ABEB-358D9FFEE36E}.Release|Any CPU.Build.0 = Release|Any CPU
		{4DD1CA22-8EA4-485F-ABEB-358D9FFEE36E}.Release|Any CPU.ActiveCfg = Release|Any CPU
	EndGlobalSection
EndGlobal
